// !$*UTF8*$!
{
	archiveVersion = 1;
	classes = {
	};
	objectVersion = 46;
	objects = {

/* Begin PBXBuildFile section */
		4909D6FA162C773500A1764A /* FluxTelechargement.m in Sources */ = {isa = PBXBuildFile; fileRef = 4909D6F9162C773500A1764A /* FluxTelechargement.m */; };
		491E4834163DD03400D8102F /* IdentificationViewControllerLandscape.xib in Resources */ = {isa = PBXBuildFile; fileRef = 491E4833163DD03400D8102F /* IdentificationViewControllerLandscape.xib */; };
		49306E07163421FC00E473D0 /* AffichageTrombi.m in Sources */ = {isa = PBXBuildFile; fileRef = 49306E05163421FC00E473D0 /* AffichageTrombi.m */; };
		49306E08163421FC00E473D0 /* AffichageTrombi.xib in Resources */ = {isa = PBXBuildFile; fileRef = 49306E06163421FC00E473D0 /* AffichageTrombi.xib */; };
		49306E0B1634356E00E473D0 /* Security.framework in Frameworks */ = {isa = PBXBuildFile; fileRef = 49306E0A1634356E00E473D0 /* Security.framework */; };
		494EB03C16346C6F00FC2913 /* Default-568h@2x.png in Resources */ = {isa = PBXBuildFile; fileRef = 493956C81632268000271BE0 /* Default-568h@2x.png */; };
		498A98151609FAB300C6225A /* UIKit.framework in Frameworks */ = {isa = PBXBuildFile; fileRef = 498A98141609FAB300C6225A /* UIKit.framework */; };
		498A98171609FAB300C6225A /* Foundation.framework in Frameworks */ = {isa = PBXBuildFile; fileRef = 498A98161609FAB300C6225A /* Foundation.framework */; };
		498A98191609FAB300C6225A /* CoreGraphics.framework in Frameworks */ = {isa = PBXBuildFile; fileRef = 498A98181609FAB300C6225A /* CoreGraphics.framework */; };
		498A981F1609FAB300C6225A /* InfoPlist.strings in Resources */ = {isa = PBXBuildFile; fileRef = 498A981D1609FAB300C6225A /* InfoPlist.strings */; };
		498A98211609FAB300C6225A /* main.m in Sources */ = {isa = PBXBuildFile; fileRef = 498A98201609FAB300C6225A /* main.m */; };
		498A98251609FAB300C6225A /* AppDelegate.m in Sources */ = {isa = PBXBuildFile; fileRef = 498A98241609FAB300C6225A /* AppDelegate.m */; };
		498A98281609FAB300C6225A /* FirstViewController.m in Sources */ = {isa = PBXBuildFile; fileRef = 498A98271609FAB300C6225A /* FirstViewController.m */; };
		498A98311609FAB300C6225A /* second.png in Resources */ = {isa = PBXBuildFile; fileRef = 498A98301609FAB300C6225A /* second.png */; };
		498A98331609FAB300C6225A /* second@2x.png in Resources */ = {isa = PBXBuildFile; fileRef = 498A98321609FAB300C6225A /* second@2x.png */; };
		498A98361609FAB300C6225A /* FirstViewController.xib in Resources */ = {isa = PBXBuildFile; fileRef = 498A98341609FAB300C6225A /* FirstViewController.xib */; };
		498A98411609FAB300C6225A /* SenTestingKit.framework in Frameworks */ = {isa = PBXBuildFile; fileRef = 498A98401609FAB300C6225A /* SenTestingKit.framework */; };
		498A98421609FAB300C6225A /* UIKit.framework in Frameworks */ = {isa = PBXBuildFile; fileRef = 498A98141609FAB300C6225A /* UIKit.framework */; };
		498A98431609FAB300C6225A /* Foundation.framework in Frameworks */ = {isa = PBXBuildFile; fileRef = 498A98161609FAB300C6225A /* Foundation.framework */; };
		498A984B1609FAB300C6225A /* InfoPlist.strings in Resources */ = {isa = PBXBuildFile; fileRef = 498A98491609FAB300C6225A /* InfoPlist.strings */; };
		498A984E1609FAB300C6225A /* Portail_MinesTests.m in Sources */ = {isa = PBXBuildFile; fileRef = 498A984D1609FAB300C6225A /* Portail_MinesTests.m */; };
		498A9859160A0EF300C6225A /* first.png in Resources */ = {isa = PBXBuildFile; fileRef = 498A9858160A0EF300C6225A /* first.png */; };
		498A985B160A0FEF00C6225A /* first@2x.png in Resources */ = {isa = PBXBuildFile; fileRef = 498A985A160A0FEF00C6225A /* first@2x.png */; };
		498A9867160A14C000C6225A /* IdentificationViewController.m in Sources */ = {isa = PBXBuildFile; fileRef = 498A9865160A14C000C6225A /* IdentificationViewController.m */; };
		498A9868160A14C000C6225A /* IdentificationViewController.xib in Resources */ = {isa = PBXBuildFile; fileRef = 498A9866160A14C000C6225A /* IdentificationViewController.xib */; };
		498A9870160A342100C6225A /* Reseau.m in Sources */ = {isa = PBXBuildFile; fileRef = 498A986F160A342100C6225A /* Reseau.m */; };
		49B1724816337594000BBF0B /* AddressBook.framework in Frameworks */ = {isa = PBXBuildFile; fileRef = 49B1724716337594000BBF0B /* AddressBook.framework */; };
		49D03A6F1631FCF700DBD906 /* OverlayViewController.m in Sources */ = {isa = PBXBuildFile; fileRef = 49D03A6D1631FCF700DBD906 /* OverlayViewController.m */; };
		49D03A701631FCF700DBD906 /* OverlayViewController.xib in Resources */ = {isa = PBXBuildFile; fileRef = 49D03A6E1631FCF700DBD906 /* OverlayViewController.xib */; };
		49E07679162AEB0A00F7B511 /* Trombi.m in Sources */ = {isa = PBXBuildFile; fileRef = 49E07677162AEB0A00F7B511 /* Trombi.m */; };
		49E0767A162AEB0A00F7B511 /* Trombi.xib in Resources */ = {isa = PBXBuildFile; fileRef = 49E07678162AEB0A00F7B511 /* Trombi.xib */; };
		49E9FDE9163C2D030031E37E /* KeychainItemWrapper.m in Sources */ = {isa = PBXBuildFile; fileRef = 49E9FDE8163C2D030031E37E /* KeychainItemWrapper.m */; };
		49E9FDFE163C47230031E37E /* VueEdt.m in Sources */ = {isa = PBXBuildFile; fileRef = 49E9FDFC163C47230031E37E /* VueEdt.m */; };
		49E9FDFF163C47230031E37E /* VueEdt.xib in Resources */ = {isa = PBXBuildFile; fileRef = 49E9FDFD163C47230031E37E /* VueEdt.xib */; };
		49E9FE03163C66480031E37E /* AffichageEdt.m in Sources */ = {isa = PBXBuildFile; fileRef = 49E9FE01163C66470031E37E /* AffichageEdt.m */; };
		49E9FE04163C66480031E37E /* AffichageEdt.xib in Resources */ = {isa = PBXBuildFile; fileRef = 49E9FE02163C66470031E37E /* AffichageEdt.xib */; };
		49E9FE07163C83DD0031E37E /* AffichagePhoto.m in Sources */ = {isa = PBXBuildFile; fileRef = 49E9FE06163C83DC0031E37E /* AffichagePhoto.m */; };
/* End PBXBuildFile section */

/* Begin PBXContainerItemProxy section */
		498A98441609FAB300C6225A /* PBXContainerItemProxy */ = {
			isa = PBXContainerItemProxy;
			containerPortal = 498A98071609FAB300C6225A /* Project object */;
			proxyType = 1;
			remoteGlobalIDString = 498A980F1609FAB300C6225A;
			remoteInfo = "Portail Mines";
		};
/* End PBXContainerItemProxy section */

/* Begin PBXFileReference section */
		4909D6F8162C773500A1764A /* FluxTelechargement.h */ = {isa = PBXFileReference; fileEncoding = 4; lastKnownFileType = sourcecode.c.h; path = FluxTelechargement.h; sourceTree = "<group>"; };
		4909D6F9162C773500A1764A /* FluxTelechargement.m */ = {isa = PBXFileReference; fileEncoding = 4; lastKnownFileType = sourcecode.c.objc; path = FluxTelechargement.m; sourceTree = "<group>"; };
		491E4833163DD03400D8102F /* IdentificationViewControllerLandscape.xib */ = {isa = PBXFileReference; fileEncoding = 4; lastKnownFileType = file.xib; path = IdentificationViewControllerLandscape.xib; sourceTree = "<group>"; };
		49306E04163421FC00E473D0 /* AffichageTrombi.h */ = {isa = PBXFileReference; fileEncoding = 4; lastKnownFileType = sourcecode.c.h; path = AffichageTrombi.h; sourceTree = "<group>"; };
		49306E05163421FC00E473D0 /* AffichageTrombi.m */ = {isa = PBXFileReference; fileEncoding = 4; lastKnownFileType = sourcecode.c.objc; path = AffichageTrombi.m; sourceTree = "<group>"; };
		49306E06163421FC00E473D0 /* AffichageTrombi.xib */ = {isa = PBXFileReference; fileEncoding = 4; lastKnownFileType = file.xib; path = AffichageTrombi.xib; sourceTree = "<group>"; };
		49306E0A1634356E00E473D0 /* Security.framework */ = {isa = PBXFileReference; lastKnownFileType = wrapper.framework; name = Security.framework; path = System/Library/Frameworks/Security.framework; sourceTree = SDKROOT; };
		493956C81632268000271BE0 /* Default-568h@2x.png */ = {isa = PBXFileReference; lastKnownFileType = image.png; name = "Default-568h@2x.png"; path = "../Default-568h@2x.png"; sourceTree = "<group>"; };
		498A98101609FAB300C6225A /* Portail Mines.app */ = {isa = PBXFileReference; explicitFileType = wrapper.application; includeInIndex = 0; path = "Portail Mines.app"; sourceTree = BUILT_PRODUCTS_DIR; };
		498A98141609FAB300C6225A /* UIKit.framework */ = {isa = PBXFileReference; lastKnownFileType = wrapper.framework; name = UIKit.framework; path = System/Library/Frameworks/UIKit.framework; sourceTree = SDKROOT; };
		498A98161609FAB300C6225A /* Foundation.framework */ = {isa = PBXFileReference; lastKnownFileType = wrapper.framework; name = Foundation.framework; path = System/Library/Frameworks/Foundation.framework; sourceTree = SDKROOT; };
		498A98181609FAB300C6225A /* CoreGraphics.framework */ = {isa = PBXFileReference; lastKnownFileType = wrapper.framework; name = CoreGraphics.framework; path = System/Library/Frameworks/CoreGraphics.framework; sourceTree = SDKROOT; };
		498A981C1609FAB300C6225A /* Portail Mines-Info.plist */ = {isa = PBXFileReference; lastKnownFileType = text.plist.xml; path = "Portail Mines-Info.plist"; sourceTree = "<group>"; };
		498A981E1609FAB300C6225A /* en */ = {isa = PBXFileReference; lastKnownFileType = text.plist.strings; name = en; path = en.lproj/InfoPlist.strings; sourceTree = "<group>"; };
		498A98201609FAB300C6225A /* main.m */ = {isa = PBXFileReference; lastKnownFileType = sourcecode.c.objc; path = main.m; sourceTree = "<group>"; };
		498A98221609FAB300C6225A /* Portail Mines-Prefix.pch */ = {isa = PBXFileReference; lastKnownFileType = sourcecode.c.h; path = "Portail Mines-Prefix.pch"; sourceTree = "<group>"; };
		498A98231609FAB300C6225A /* AppDelegate.h */ = {isa = PBXFileReference; lastKnownFileType = sourcecode.c.h; path = AppDelegate.h; sourceTree = "<group>"; };
		498A98241609FAB300C6225A /* AppDelegate.m */ = {isa = PBXFileReference; lastKnownFileType = sourcecode.c.objc; path = AppDelegate.m; sourceTree = "<group>"; };
		498A98261609FAB300C6225A /* FirstViewController.h */ = {isa = PBXFileReference; lastKnownFileType = sourcecode.c.h; path = FirstViewController.h; sourceTree = "<group>"; };
		498A98271609FAB300C6225A /* FirstViewController.m */ = {isa = PBXFileReference; lastKnownFileType = sourcecode.c.objc; path = FirstViewController.m; sourceTree = "<group>"; };
		498A98301609FAB300C6225A /* second.png */ = {isa = PBXFileReference; lastKnownFileType = image.png; path = second.png; sourceTree = "<group>"; };
		498A98321609FAB300C6225A /* second@2x.png */ = {isa = PBXFileReference; lastKnownFileType = image.png; path = "second@2x.png"; sourceTree = "<group>"; };
		498A98351609FAB300C6225A /* en */ = {isa = PBXFileReference; lastKnownFileType = file.xib; name = en; path = en.lproj/FirstViewController.xib; sourceTree = "<group>"; };
		498A983F1609FAB300C6225A /* Portail MinesTests.octest */ = {isa = PBXFileReference; explicitFileType = wrapper.cfbundle; includeInIndex = 0; path = "Portail MinesTests.octest"; sourceTree = BUILT_PRODUCTS_DIR; };
		498A98401609FAB300C6225A /* SenTestingKit.framework */ = {isa = PBXFileReference; lastKnownFileType = wrapper.framework; name = SenTestingKit.framework; path = Library/Frameworks/SenTestingKit.framework; sourceTree = DEVELOPER_DIR; };
		498A98481609FAB300C6225A /* Portail MinesTests-Info.plist */ = {isa = PBXFileReference; lastKnownFileType = text.plist.xml; path = "Portail MinesTests-Info.plist"; sourceTree = "<group>"; };
		498A984A1609FAB300C6225A /* en */ = {isa = PBXFileReference; lastKnownFileType = text.plist.strings; name = en; path = en.lproj/InfoPlist.strings; sourceTree = "<group>"; };
		498A984C1609FAB300C6225A /* Portail_MinesTests.h */ = {isa = PBXFileReference; lastKnownFileType = sourcecode.c.h; path = Portail_MinesTests.h; sourceTree = "<group>"; };
		498A984D1609FAB300C6225A /* Portail_MinesTests.m */ = {isa = PBXFileReference; lastKnownFileType = sourcecode.c.objc; path = Portail_MinesTests.m; sourceTree = "<group>"; };
		498A9858160A0EF300C6225A /* first.png */ = {isa = PBXFileReference; lastKnownFileType = image.png; path = first.png; sourceTree = "<group>"; };
		498A985A160A0FEF00C6225A /* first@2x.png */ = {isa = PBXFileReference; lastKnownFileType = image.png; path = "first@2x.png"; sourceTree = "<group>"; };
		498A9864160A14C000C6225A /* IdentificationViewController.h */ = {isa = PBXFileReference; fileEncoding = 4; lastKnownFileType = sourcecode.c.h; path = IdentificationViewController.h; sourceTree = "<group>"; };
		498A9865160A14C000C6225A /* IdentificationViewController.m */ = {isa = PBXFileReference; fileEncoding = 4; lastKnownFileType = sourcecode.c.objc; path = IdentificationViewController.m; sourceTree = "<group>"; };
		498A9866160A14C000C6225A /* IdentificationViewController.xib */ = {isa = PBXFileReference; fileEncoding = 4; lastKnownFileType = file.xib; path = IdentificationViewController.xib; sourceTree = "<group>"; };
		498A986E160A342100C6225A /* Reseau.h */ = {isa = PBXFileReference; fileEncoding = 4; lastKnownFileType = sourcecode.c.h; path = Reseau.h; sourceTree = "<group>"; };
		498A986F160A342100C6225A /* Reseau.m */ = {isa = PBXFileReference; fileEncoding = 4; lastKnownFileType = sourcecode.c.objc; path = Reseau.m; sourceTree = "<group>"; };
		49B172441633758D000BBF0B /* Accounts.framework */ = {isa = PBXFileReference; lastKnownFileType = wrapper.framework; name = Accounts.framework; path = System/Library/Frameworks/Accounts.framework; sourceTree = SDKROOT; };
		49B1724716337594000BBF0B /* AddressBook.framework */ = {isa = PBXFileReference; lastKnownFileType = wrapper.framework; name = AddressBook.framework; path = System/Library/Frameworks/AddressBook.framework; sourceTree = SDKROOT; };
		49D03A6C1631FCF700DBD906 /* OverlayViewController.h */ = {isa = PBXFileReference; fileEncoding = 4; lastKnownFileType = sourcecode.c.h; path = OverlayViewController.h; sourceTree = "<group>"; };
		49D03A6D1631FCF700DBD906 /* OverlayViewController.m */ = {isa = PBXFileReference; fileEncoding = 4; lastKnownFileType = sourcecode.c.objc; path = OverlayViewController.m; sourceTree = "<group>"; };
		49D03A6E1631FCF700DBD906 /* OverlayViewController.xib */ = {isa = PBXFileReference; fileEncoding = 4; lastKnownFileType = file.xib; path = OverlayViewController.xib; sourceTree = "<group>"; };
		49E07676162AEB0A00F7B511 /* Trombi.h */ = {isa = PBXFileReference; fileEncoding = 4; lastKnownFileType = sourcecode.c.h; path = Trombi.h; sourceTree = "<group>"; };
		49E07677162AEB0A00F7B511 /* Trombi.m */ = {isa = PBXFileReference; fileEncoding = 4; lastKnownFileType = sourcecode.c.objc; path = Trombi.m; sourceTree = "<group>"; };
		49E07678162AEB0A00F7B511 /* Trombi.xib */ = {isa = PBXFileReference; fileEncoding = 4; lastKnownFileType = file.xib; path = Trombi.xib; sourceTree = "<group>"; };
		49E9FDE7163C2D030031E37E /* KeychainItemWrapper.h */ = {isa = PBXFileReference; fileEncoding = 4; lastKnownFileType = sourcecode.c.h; path = KeychainItemWrapper.h; sourceTree = "<group>"; };
		49E9FDE8163C2D030031E37E /* KeychainItemWrapper.m */ = {isa = PBXFileReference; fileEncoding = 4; lastKnownFileType = sourcecode.c.objc; path = KeychainItemWrapper.m; sourceTree = "<group>"; };
		49E9FDFB163C47230031E37E /* VueEdt.h */ = {isa = PBXFileReference; fileEncoding = 4; lastKnownFileType = sourcecode.c.h; path = VueEdt.h; sourceTree = "<group>"; };
		49E9FDFC163C47230031E37E /* VueEdt.m */ = {isa = PBXFileReference; fileEncoding = 4; lastKnownFileType = sourcecode.c.objc; path = VueEdt.m; sourceTree = "<group>"; };
		49E9FDFD163C47230031E37E /* VueEdt.xib */ = {isa = PBXFileReference; fileEncoding = 4; lastKnownFileType = file.xib; path = VueEdt.xib; sourceTree = "<group>"; };
		49E9FE00163C66470031E37E /* AffichageEdt.h */ = {isa = PBXFileReference; fileEncoding = 4; lastKnownFileType = sourcecode.c.h; path = AffichageEdt.h; sourceTree = "<group>"; };
		49E9FE01163C66470031E37E /* AffichageEdt.m */ = {isa = PBXFileReference; fileEncoding = 4; lastKnownFileType = sourcecode.c.objc; path = AffichageEdt.m; sourceTree = "<group>"; };
		49E9FE02163C66470031E37E /* AffichageEdt.xib */ = {isa = PBXFileReference; fileEncoding = 4; lastKnownFileType = file.xib; path = AffichageEdt.xib; sourceTree = "<group>"; };
		49E9FE05163C83DC0031E37E /* AffichagePhoto.h */ = {isa = PBXFileReference; fileEncoding = 4; lastKnownFileType = sourcecode.c.h; path = AffichagePhoto.h; sourceTree = "<group>"; };
		49E9FE06163C83DC0031E37E /* AffichagePhoto.m */ = {isa = PBXFileReference; fileEncoding = 4; lastKnownFileType = sourcecode.c.objc; path = AffichagePhoto.m; sourceTree = "<group>"; };
/* End PBXFileReference section */

/* Begin PBXFrameworksBuildPhase section */
		498A980D1609FAB300C6225A /* Frameworks */ = {
			isa = PBXFrameworksBuildPhase;
			buildActionMask = 2147483647;
			files = (
				49306E0B1634356E00E473D0 /* Security.framework in Frameworks */,
				49B1724816337594000BBF0B /* AddressBook.framework in Frameworks */,
				498A98151609FAB300C6225A /* UIKit.framework in Frameworks */,
				498A98171609FAB300C6225A /* Foundation.framework in Frameworks */,
				498A98191609FAB300C6225A /* CoreGraphics.framework in Frameworks */,
			);
			runOnlyForDeploymentPostprocessing = 0;
		};
		498A983B1609FAB300C6225A /* Frameworks */ = {
			isa = PBXFrameworksBuildPhase;
			buildActionMask = 2147483647;
			files = (
				498A98411609FAB300C6225A /* SenTestingKit.framework in Frameworks */,
				498A98421609FAB300C6225A /* UIKit.framework in Frameworks */,
				498A98431609FAB300C6225A /* Foundation.framework in Frameworks */,
			);
			runOnlyForDeploymentPostprocessing = 0;
		};
/* End PBXFrameworksBuildPhase section */

/* Begin PBXGroup section */
		498A98051609FAB300C6225A = {
			isa = PBXGroup;
			children = (
				498A981A1609FAB300C6225A /* Portail Mines */,
				498A98461609FAB300C6225A /* Portail MinesTests */,
				498A98131609FAB300C6225A /* Frameworks */,
				498A98111609FAB300C6225A /* Products */,
			);
			sourceTree = "<group>";
		};
		498A98111609FAB300C6225A /* Products */ = {
			isa = PBXGroup;
			children = (
				498A98101609FAB300C6225A /* Portail Mines.app */,
				498A983F1609FAB300C6225A /* Portail MinesTests.octest */,
			);
			name = Products;
			sourceTree = "<group>";
		};
		498A98131609FAB300C6225A /* Frameworks */ = {
			isa = PBXGroup;
			children = (
				49306E0A1634356E00E473D0 /* Security.framework */,
				49B1724716337594000BBF0B /* AddressBook.framework */,
				49B172441633758D000BBF0B /* Accounts.framework */,
				498A98141609FAB300C6225A /* UIKit.framework */,
				498A98161609FAB300C6225A /* Foundation.framework */,
				498A98181609FAB300C6225A /* CoreGraphics.framework */,
				498A98401609FAB300C6225A /* SenTestingKit.framework */,
			);
			name = Frameworks;
			sourceTree = "<group>";
		};
		498A981A1609FAB300C6225A /* Portail Mines */ = {
			isa = PBXGroup;
			children = (
				498A98231609FAB300C6225A /* AppDelegate.h */,
				498A98241609FAB300C6225A /* AppDelegate.m */,
				498A98261609FAB300C6225A /* FirstViewController.h */,
				498A98271609FAB300C6225A /* FirstViewController.m */,
				498A98341609FAB300C6225A /* FirstViewController.xib */,
				49E9FDF8163C46920031E37E /* Réseau */,
				49E9FDF6163C46770031E37E /* Trombi */,
				49E9FDFA163C46EC0031E37E /* Emploi du temps */,
				498A981B1609FAB300C6225A /* Supporting Files */,
			);
			path = "Portail Mines";
			sourceTree = "<group>";
		};
		498A981B1609FAB300C6225A /* Supporting Files */ = {
			isa = PBXGroup;
			children = (
				49E0767C162AEB9900F7B511 /* Images */,
				498A981C1609FAB300C6225A /* Portail Mines-Info.plist */,
				498A981D1609FAB300C6225A /* InfoPlist.strings */,
				498A98201609FAB300C6225A /* main.m */,
				498A98221609FAB300C6225A /* Portail Mines-Prefix.pch */,
			);
			name = "Supporting Files";
			sourceTree = "<group>";
		};
		498A98461609FAB300C6225A /* Portail MinesTests */ = {
			isa = PBXGroup;
			children = (
				498A984C1609FAB300C6225A /* Portail_MinesTests.h */,
				498A984D1609FAB300C6225A /* Portail_MinesTests.m */,
				498A98471609FAB300C6225A /* Supporting Files */,
			);
			path = "Portail MinesTests";
			sourceTree = "<group>";
		};
		498A98471609FAB300C6225A /* Supporting Files */ = {
			isa = PBXGroup;
			children = (
				498A98481609FAB300C6225A /* Portail MinesTests-Info.plist */,
				498A98491609FAB300C6225A /* InfoPlist.strings */,
			);
			name = "Supporting Files";
			sourceTree = "<group>";
		};
		49E0767C162AEB9900F7B511 /* Images */ = {
			isa = PBXGroup;
			children = (
				498A9858160A0EF300C6225A /* first.png */,
				498A985A160A0FEF00C6225A /* first@2x.png */,
				498A98301609FAB300C6225A /* second.png */,
				498A98321609FAB300C6225A /* second@2x.png */,
				493956C81632268000271BE0 /* Default-568h@2x.png */,
			);
			name = Images;
			sourceTree = "<group>";
		};
		49E9FDF6163C46770031E37E /* Trombi */ = {
			isa = PBXGroup;
			children = (
				49E07676162AEB0A00F7B511 /* Trombi.h */,
				49E07677162AEB0A00F7B511 /* Trombi.m */,
				49306E04163421FC00E473D0 /* AffichageTrombi.h */,
				49306E05163421FC00E473D0 /* AffichageTrombi.m */,
				49E9FE05163C83DC0031E37E /* AffichagePhoto.h */,
				49E9FE06163C83DC0031E37E /* AffichagePhoto.m */,
				49D03A6C1631FCF700DBD906 /* OverlayViewController.h */,
				49D03A6D1631FCF700DBD906 /* OverlayViewController.m */,
				49E07678162AEB0A00F7B511 /* Trombi.xib */,
				49D03A6E1631FCF700DBD906 /* OverlayViewController.xib */,
				49306E06163421FC00E473D0 /* AffichageTrombi.xib */,
			);
			name = Trombi;
			sourceTree = "<group>";
		};
		49E9FDF8163C46920031E37E /* Réseau */ = {
			isa = PBXGroup;
			children = (
				498A9864160A14C000C6225A /* IdentificationViewController.h */,
				498A9865160A14C000C6225A /* IdentificationViewController.m */,
				498A986E160A342100C6225A /* Reseau.h */,
				498A986F160A342100C6225A /* Reseau.m */,
				4909D6F8162C773500A1764A /* FluxTelechargement.h */,
				4909D6F9162C773500A1764A /* FluxTelechargement.m */,
				49E9FDE7163C2D030031E37E /* KeychainItemWrapper.h */,
				49E9FDE8163C2D030031E37E /* KeychainItemWrapper.m */,
				498A9866160A14C000C6225A /* IdentificationViewController.xib */,
				491E4833163DD03400D8102F /* IdentificationViewControllerLandscape.xib */,
			);
			name = "Réseau";
			sourceTree = "<group>";
		};
		49E9FDFA163C46EC0031E37E /* Emploi du temps */ = {
			isa = PBXGroup;
			children = (
				49E9FDFB163C47230031E37E /* VueEdt.h */,
				49E9FDFC163C47230031E37E /* VueEdt.m */,
				49E9FE00163C66470031E37E /* AffichageEdt.h */,
				49E9FE01163C66470031E37E /* AffichageEdt.m */,
				49E9FE02163C66470031E37E /* AffichageEdt.xib */,
				49E9FDFD163C47230031E37E /* VueEdt.xib */,
			);
			name = "Emploi du temps";
			sourceTree = "<group>";
		};
/* End PBXGroup section */

/* Begin PBXNativeTarget section */
		498A980F1609FAB300C6225A /* Portail Mines */ = {
			isa = PBXNativeTarget;
			buildConfigurationList = 498A98511609FAB400C6225A /* Build configuration list for PBXNativeTarget "Portail Mines" */;
			buildPhases = (
				498A980C1609FAB300C6225A /* Sources */,
				498A980D1609FAB300C6225A /* Frameworks */,
				498A980E1609FAB300C6225A /* Resources */,
			);
			buildRules = (
			);
			dependencies = (
			);
			name = "Portail Mines";
			productName = "Portail Mines";
			productReference = 498A98101609FAB300C6225A /* Portail Mines.app */;
			productType = "com.apple.product-type.application";
		};
		498A983E1609FAB300C6225A /* Portail MinesTests */ = {
			isa = PBXNativeTarget;
			buildConfigurationList = 498A98541609FAB400C6225A /* Build configuration list for PBXNativeTarget "Portail MinesTests" */;
			buildPhases = (
				498A983A1609FAB300C6225A /* Sources */,
				498A983B1609FAB300C6225A /* Frameworks */,
				498A983C1609FAB300C6225A /* Resources */,
				498A983D1609FAB300C6225A /* ShellScript */,
			);
			buildRules = (
			);
			dependencies = (
				498A98451609FAB300C6225A /* PBXTargetDependency */,
			);
			name = "Portail MinesTests";
			productName = "Portail MinesTests";
			productReference = 498A983F1609FAB300C6225A /* Portail MinesTests.octest */;
			productType = "com.apple.product-type.bundle";
		};
/* End PBXNativeTarget section */

/* Begin PBXProject section */
		498A98071609FAB300C6225A /* Project object */ = {
			isa = PBXProject;
			attributes = {
				LastUpgradeCheck = 0450;
				ORGANIZATIONNAME = "Valérian Roche";
			};
			buildConfigurationList = 498A980A1609FAB300C6225A /* Build configuration list for PBXProject "Portail Mines" */;
			compatibilityVersion = "Xcode 3.2";
			developmentRegion = English;
			hasScannedForEncodings = 0;
			knownRegions = (
				en,
			);
			mainGroup = 498A98051609FAB300C6225A;
			productRefGroup = 498A98111609FAB300C6225A /* Products */;
			projectDirPath = "";
			projectRoot = "";
			targets = (
				498A980F1609FAB300C6225A /* Portail Mines */,
				498A983E1609FAB300C6225A /* Portail MinesTests */,
			);
		};
/* End PBXProject section */

/* Begin PBXResourcesBuildPhase section */
		498A980E1609FAB300C6225A /* Resources */ = {
			isa = PBXResourcesBuildPhase;
			buildActionMask = 2147483647;
			files = (
				498A981F1609FAB300C6225A /* InfoPlist.strings in Resources */,
				498A98311609FAB300C6225A /* second.png in Resources */,
				498A98331609FAB300C6225A /* second@2x.png in Resources */,
				498A98361609FAB300C6225A /* FirstViewController.xib in Resources */,
				498A9859160A0EF300C6225A /* first.png in Resources */,
				498A985B160A0FEF00C6225A /* first@2x.png in Resources */,
				498A9868160A14C000C6225A /* IdentificationViewController.xib in Resources */,
				49E0767A162AEB0A00F7B511 /* Trombi.xib in Resources */,
				49D03A701631FCF700DBD906 /* OverlayViewController.xib in Resources */,
				49306E08163421FC00E473D0 /* AffichageTrombi.xib in Resources */,
				494EB03C16346C6F00FC2913 /* Default-568h@2x.png in Resources */,
				49E9FDFF163C47230031E37E /* VueEdt.xib in Resources */,
				49E9FE04163C66480031E37E /* AffichageEdt.xib in Resources */,
				491E4834163DD03400D8102F /* IdentificationViewControllerLandscape.xib in Resources */,
			);
			runOnlyForDeploymentPostprocessing = 0;
		};
		498A983C1609FAB300C6225A /* Resources */ = {
			isa = PBXResourcesBuildPhase;
			buildActionMask = 2147483647;
			files = (
				498A984B1609FAB300C6225A /* InfoPlist.strings in Resources */,
			);
			runOnlyForDeploymentPostprocessing = 0;
		};
/* End PBXResourcesBuildPhase section */

/* Begin PBXShellScriptBuildPhase section */
		498A983D1609FAB300C6225A /* ShellScript */ = {
			isa = PBXShellScriptBuildPhase;
			buildActionMask = 2147483647;
			files = (
			);
			inputPaths = (
			);
			outputPaths = (
			);
			runOnlyForDeploymentPostprocessing = 0;
			shellPath = /bin/sh;
			shellScript = "# Run the unit tests in this test bundle.\n\"${SYSTEM_DEVELOPER_DIR}/Tools/RunUnitTests\"\n";
		};
/* End PBXShellScriptBuildPhase section */

/* Begin PBXSourcesBuildPhase section */
		498A980C1609FAB300C6225A /* Sources */ = {
			isa = PBXSourcesBuildPhase;
			buildActionMask = 2147483647;
			files = (
				498A98211609FAB300C6225A /* main.m in Sources */,
				498A98251609FAB300C6225A /* AppDelegate.m in Sources */,
				498A98281609FAB300C6225A /* FirstViewController.m in Sources */,
				498A9867160A14C000C6225A /* IdentificationViewController.m in Sources */,
				498A9870160A342100C6225A /* Reseau.m in Sources */,
				49E07679162AEB0A00F7B511 /* Trombi.m in Sources */,
				4909D6FA162C773500A1764A /* FluxTelechargement.m in Sources */,
				49D03A6F1631FCF700DBD906 /* OverlayViewController.m in Sources */,
				49306E07163421FC00E473D0 /* AffichageTrombi.m in Sources */,
				49E9FDE9163C2D030031E37E /* KeychainItemWrapper.m in Sources */,
				49E9FDFE163C47230031E37E /* VueEdt.m in Sources */,
				49E9FE03163C66480031E37E /* AffichageEdt.m in Sources */,
				49E9FE07163C83DD0031E37E /* AffichagePhoto.m in Sources */,
			);
			runOnlyForDeploymentPostprocessing = 0;
		};
		498A983A1609FAB300C6225A /* Sources */ = {
			isa = PBXSourcesBuildPhase;
			buildActionMask = 2147483647;
			files = (
				498A984E1609FAB300C6225A /* Portail_MinesTests.m in Sources */,
			);
			runOnlyForDeploymentPostprocessing = 0;
		};
/* End PBXSourcesBuildPhase section */

/* Begin PBXTargetDependency section */
		498A98451609FAB300C6225A /* PBXTargetDependency */ = {
			isa = PBXTargetDependency;
			target = 498A980F1609FAB300C6225A /* Portail Mines */;
			targetProxy = 498A98441609FAB300C6225A /* PBXContainerItemProxy */;
		};
/* End PBXTargetDependency section */

/* Begin PBXVariantGroup section */
		498A981D1609FAB300C6225A /* InfoPlist.strings */ = {
			isa = PBXVariantGroup;
			children = (
				498A981E1609FAB300C6225A /* en */,
			);
			name = InfoPlist.strings;
			sourceTree = "<group>";
		};
		498A98341609FAB300C6225A /* FirstViewController.xib */ = {
			isa = PBXVariantGroup;
			children = (
				498A98351609FAB300C6225A /* en */,
			);
			name = FirstViewController.xib;
			sourceTree = "<group>";
		};
		498A98491609FAB300C6225A /* InfoPlist.strings */ = {
			isa = PBXVariantGroup;
			children = (
				498A984A1609FAB300C6225A /* en */,
			);
			name = InfoPlist.strings;
			sourceTree = "<group>";
		};
/* End PBXVariantGroup section */

/* Begin XCBuildConfiguration section */
		494EB03D16346CAC00FC2913 /* Distribution */ = {
			isa = XCBuildConfiguration;
			buildSettings = {
				ALWAYS_SEARCH_USER_PATHS = NO;
				CLANG_CXX_LANGUAGE_STANDARD = "gnu++0x";
				CLANG_CXX_LIBRARY = "libc++";
				CLANG_ENABLE_OBJC_ARC = YES;
				CLANG_WARN__DUPLICATE_METHOD_MATCH = YES;
				"CODE_SIGN_IDENTITY[sdk=iphoneos*]" = "iPhone Developer";
				COPY_PHASE_STRIP = YES;
				GCC_C_LANGUAGE_STANDARD = gnu99;
				GCC_WARN_ABOUT_RETURN_TYPE = YES;
				GCC_WARN_UNINITIALIZED_AUTOS = YES;
				GCC_WARN_UNUSED_VARIABLE = YES;
				IPHONEOS_DEPLOYMENT_TARGET = 5.1;
				OTHER_CFLAGS = "-DNS_BLOCK_ASSERTIONS=1";
				SDKROOT = iphoneos;
				VALIDATE_PRODUCT = YES;
			};
			name = Distribution;
		};
		494EB03E16346CAC00FC2913 /* Distribution */ = {
			isa = XCBuildConfiguration;
			buildSettings = {
				GCC_PRECOMPILE_PREFIX_HEADER = YES;
				GCC_PREFIX_HEADER = "Portail Mines/Portail Mines-Prefix.pch";
				INFOPLIST_FILE = "Portail Mines/Portail Mines-Info.plist";
				IPHONEOS_DEPLOYMENT_TARGET = 5.1;
				PRODUCT_NAME = "$(TARGET_NAME)";
				WRAPPER_EXTENSION = app;
			};
			name = Distribution;
		};
		494EB03F16346CAC00FC2913 /* Distribution */ = {
			isa = XCBuildConfiguration;
			buildSettings = {
				BUNDLE_LOADER = "$(BUILT_PRODUCTS_DIR)/Portail Mines.app/Portail Mines";
				FRAMEWORK_SEARCH_PATHS = (
					"\"$(SDKROOT)/Developer/Library/Frameworks\"",
					"\"$(DEVELOPER_LIBRARY_DIR)/Frameworks\"",
				);
				GCC_PRECOMPILE_PREFIX_HEADER = YES;
				GCC_PREFIX_HEADER = "Portail Mines/Portail Mines-Prefix.pch";
				INFOPLIST_FILE = "Portail MinesTests/Portail MinesTests-Info.plist";
				PRODUCT_NAME = "$(TARGET_NAME)";
				TEST_HOST = "$(BUNDLE_LOADER)";
				WRAPPER_EXTENSION = octest;
			};
			name = Distribution;
		};
		498A984F1609FAB400C6225A /* Debug */ = {
			isa = XCBuildConfiguration;
			buildSettings = {
				ALWAYS_SEARCH_USER_PATHS = NO;
				CLANG_CXX_LANGUAGE_STANDARD = "gnu++0x";
				CLANG_CXX_LIBRARY = "libc++";
				CLANG_ENABLE_OBJC_ARC = YES;
				CLANG_WARN__DUPLICATE_METHOD_MATCH = YES;
				"CODE_SIGN_IDENTITY[sdk=iphoneos*]" = "iPhone Developer";
				COPY_PHASE_STRIP = NO;
				GCC_C_LANGUAGE_STANDARD = gnu99;
				GCC_DYNAMIC_NO_PIC = NO;
				GCC_OPTIMIZATION_LEVEL = 0;
				GCC_PREPROCESSOR_DEFINITIONS = (
					"DEBUG=1",
					"$(inherited)",
				);
				GCC_SYMBOLS_PRIVATE_EXTERN = NO;
				GCC_WARN_ABOUT_RETURN_TYPE = YES;
				GCC_WARN_UNINITIALIZED_AUTOS = YES;
				GCC_WARN_UNUSED_VARIABLE = YES;
				IPHONEOS_DEPLOYMENT_TARGET = 5.1;
				SDKROOT = iphoneos;
			};
			name = Debug;
		};
		498A98501609FAB400C6225A /* Release */ = {
			isa = XCBuildConfiguration;
			buildSettings = {
				ALWAYS_SEARCH_USER_PATHS = NO;
				CLANG_CXX_LANGUAGE_STANDARD = "gnu++0x";
				CLANG_CXX_LIBRARY = "libc++";
				CLANG_ENABLE_OBJC_ARC = YES;
				CLANG_WARN__DUPLICATE_METHOD_MATCH = YES;
				"CODE_SIGN_IDENTITY[sdk=iphoneos*]" = "iPhone Developer";
				COPY_PHASE_STRIP = YES;
				GCC_C_LANGUAGE_STANDARD = gnu99;
				GCC_WARN_ABOUT_RETURN_TYPE = YES;
				GCC_WARN_UNINITIALIZED_AUTOS = YES;
				GCC_WARN_UNUSED_VARIABLE = YES;
				IPHONEOS_DEPLOYMENT_TARGET = 5.1;
				OTHER_CFLAGS = "-DNS_BLOCK_ASSERTIONS=1";
				SDKROOT = iphoneos;
				VALIDATE_PRODUCT = YES;
			};
			name = Release;
		};
		498A98521609FAB400C6225A /* Debug */ = {
			isa = XCBuildConfiguration;
			buildSettings = {
				GCC_PRECOMPILE_PREFIX_HEADER = YES;
				GCC_PREFIX_HEADER = "Portail Mines/Portail Mines-Prefix.pch";
				INFOPLIST_FILE = "Portail Mines/Portail Mines-Info.plist";
				IPHONEOS_DEPLOYMENT_TARGET = 5.1;
				PRODUCT_NAME = "$(TARGET_NAME)";
				WRAPPER_EXTENSION = app;
			};
			name = Debug;
		};
		498A98531609FAB400C6225A /* Release */ = {
			isa = XCBuildConfiguration;
			buildSettings = {
				GCC_PRECOMPILE_PREFIX_HEADER = YES;
				GCC_PREFIX_HEADER = "Portail Mines/Portail Mines-Prefix.pch";
				INFOPLIST_FILE = "Portail Mines/Portail Mines-Info.plist";
				IPHONEOS_DEPLOYMENT_TARGET = 5.1;
				PRODUCT_NAME = "$(TARGET_NAME)";
				WRAPPER_EXTENSION = app;
			};
			name = Release;
		};
		498A98551609FAB400C6225A /* Debug */ = {
			isa = XCBuildConfiguration;
			buildSettings = {
				BUNDLE_LOADER = "$(BUILT_PRODUCTS_DIR)/Portail Mines.app/Portail Mines";
				FRAMEWORK_SEARCH_PATHS = (
					"\"$(SDKROOT)/Developer/Library/Frameworks\"",
					"\"$(DEVELOPER_LIBRARY_DIR)/Frameworks\"",
				);
				GCC_PRECOMPILE_PREFIX_HEADER = YES;
				GCC_PREFIX_HEADER = "Portail Mines/Portail Mines-Prefix.pch";
				INFOPLIST_FILE = "Portail MinesTests/Portail MinesTests-Info.plist";
				PRODUCT_NAME = "$(TARGET_NAME)";
				TEST_HOST = "$(BUNDLE_LOADER)";
				WRAPPER_EXTENSION = octest;
			};
			name = Debug;
		};
		498A98561609FAB400C6225A /* Release */ = {
			isa = XCBuildConfiguration;
			buildSettings = {
				BUNDLE_LOADER = "$(BUILT_PRODUCTS_DIR)/Portail Mines.app/Portail Mines";
				FRAMEWORK_SEARCH_PATHS = (
					"\"$(SDKROOT)/Developer/Library/Frameworks\"",
					"\"$(DEVELOPER_LIBRARY_DIR)/Frameworks\"",
				);
				GCC_PRECOMPILE_PREFIX_HEADER = YES;
				GCC_PREFIX_HEADER = "Portail Mines/Portail Mines-Prefix.pch";
				INFOPLIST_FILE = "Portail MinesTests/Portail MinesTests-Info.plist";
				PRODUCT_NAME = "$(TARGET_NAME)";
				TEST_HOST = "$(BUNDLE_LOADER)";
				WRAPPER_EXTENSION = octest;
			};
			name = Release;
		};
/* End XCBuildConfiguration section */

/* Begin XCConfigurationList section */
		498A980A1609FAB300C6225A /* Build configuration list for PBXProject "Portail Mines" */ = {
			isa = XCConfigurationList;
			buildConfigurations = (
				498A984F1609FAB400C6225A /* Debug */,
				498A98501609FAB400C6225A /* Release */,
				494EB03D16346CAC00FC2913 /* Distribution */,
			);
			defaultConfigurationIsVisible = 0;
			defaultConfigurationName = Release;
		};
		498A98511609FAB400C6225A /* Build configuration list for PBXNativeTarget "Portail Mines" */ = {
			isa = XCConfigurationList;
			buildConfigurations = (
				498A98521609FAB400C6225A /* Debug */,
				498A98531609FAB400C6225A /* Release */,
				494EB03E16346CAC00FC2913 /* Distribution */,
			);
			defaultConfigurationIsVisible = 0;
			defaultConfigurationName = Release;
		};
		498A98541609FAB400C6225A /* Build configuration list for PBXNativeTarget "Portail MinesTests" */ = {
			isa = XCConfigurationList;
			buildConfigurations = (
				498A98551609FAB400C6225A /* Debug */,
				498A98561609FAB400C6225A /* Release */,
				494EB03F16346CAC00FC2913 /* Distribution */,
			);
			defaultConfigurationIsVisible = 0;
			defaultConfigurationName = Release;
		};
/* End XCConfigurationList section */
	};
	rootObject = 498A98071609FAB300C6225A /* Project object */;
}
